
Microsoft Visual Studio Solution File, Format Version 12.00
# Visual Studio Version 17
VisualStudioVersion = 17.0.31903.59
MinimumVisualStudioVersion = 10.0.40219.1
Project("{9A19103F-16F7-4668-BE54-9A1E7A4F7556}") = "CAN Tool", "CAN Tool\CAN Tool.csproj", "{F5A0A244-F7E9-45ED-8C86-A5DE9591A493}"
EndProject
Global
	GlobalSection(SolutionConfigurationPlatforms) = preSolution
		Debug|Any CPU = Debug|Any CPU
		Debug|x86 = Debug|x86
		Release|Any CPU = Release|Any CPU
		Release|x86 = Release|x86
	EndGlobalSection
	GlobalSection(ProjectConfigurationPlatforms) = postSolution
		{F5A0A244-F7E9-45ED-8C86-A5DE9591A493}.Debug|Any CPU.ActiveCfg = Debug|Any CPU
		{F5A0A244-F7E9-45ED-8C86-A5DE9591A493}.Debug|Any CPU.Build.0 = Debug|Any CPU
		{F5A0A244-F7E9-45ED-8C86-A5DE9591A493}.Debug|x86.ActiveCfg = Debug|Any CPU
		{F5A0A244-F7E9-45ED-8C86-A5DE9591A493}.Debug|x86.Build.0 = Debug|Any CPU
		{F5A0A244-F7E9-45ED-8C86-A5DE9591A493}.Release|Any CPU.ActiveCfg = Release|Any CPU
		{F5A0A244-F7E9-45ED-8C86-A5DE9591A493}.Release|Any CPU.Build.0 = Release|Any CPU
		{F5A0A244-F7E9-45ED-8C86-A5DE9591A493}.Release|x86.ActiveCfg = Release|x86
		{F5A0A244-F7E9-45ED-8C86-A5DE9591A493}.Release|x86.Build.0 = Release|x86
	EndGlobalSection
	GlobalSection(SolutionProperties) = preSolution
		HideSolutionNode = FALSE
	EndGlobalSection
	GlobalSection(ExtensibilityGlobals) = postSolution
		SolutionGuid = {41741517-AFAF-4049-896B-BBF68AF64859}
	EndGlobalSection
EndGlobal
